
Microsoft Visual Studio Solution File, Format Version 12.00
# Visual Studio 2013
VisualStudioVersion = 12.0.40629.0
MinimumVisualStudioVersion = 10.0.40219.1
Project("{FAE04EC0-301F-11D3-BF4B-00C04F79EFBC}") = "HelloWorld", "WindowsFormsApplication1\HelloWorld.csproj", "{D17FA01D-7E63-450B-927B-996441EB57D5}"
EndProject
Project("{FAE04EC0-301F-11D3-BF4B-00C04F79EFBC}") = "HelloName", "HelloName\HelloName.csproj", "{F3404CB0-818A-484D-875A-F1424BEF0A9A}"
EndProject
Project("{FAE04EC0-301F-11D3-BF4B-00C04F79EFBC}") = "Lang52aConsole", "..\..\..\..\Desktop\Programming-II-VS\Lang52aConsole\Lang52aConsole.csproj", "{ACC65EB9-4CC8-421F-851D-67F289352D82}"
EndProject
Project("{FAE04EC0-301F-11D3-BF4B-00C04F79EFBC}") = "Lang54bConsole", "..\..\..\..\Desktop\Programming-II-VS\Lang54bConsole\Lang54bConsole.csproj", "{F6ED429A-218B-4FC0-A270-2F1C27728B2F}"
EndProject
Project("{FAE04EC0-301F-11D3-BF4B-00C04F79EFBC}") = "Prog54a", "..\..\..\..\Desktop\Programming-II-VS\Prog54a\Prog54a.csproj", "{A923619F-0396-46CF-830C-6D86FC8310E9}"
EndProject
Project("{FAE04EC0-301F-11D3-BF4B-00C04F79EFBC}") = "lang88a", "lang88a\lang88a.csproj", "{9C1F9A94-7A68-447F-AABB-300A8DB9024B}"
EndProject
Project("{FAE04EC0-301F-11D3-BF4B-00C04F79EFBC}") = "yourNameConsole", "yourNameConsole\yourNameConsole.csproj", "{96753864-69C1-44EB-9223-D7E72261E205}"
EndProject
Project("{FAE04EC0-301F-11D3-BF4B-00C04F79EFBC}") = "favClub", "favClub\favClub.csproj", "{61CFF5FF-5938-47B4-97B4-B3E4F34D679E}"
EndProject
Project("{FAE04EC0-301F-11D3-BF4B-00C04F79EFBC}") = "prog54cVS", "prog54cVS\prog54cVS.csproj", "{0C3E0BD8-6558-4107-A1C7-B914B512166E}"
EndProject
Project("{FAE04EC0-301F-11D3-BF4B-00C04F79EFBC}") = "prog54bConsole", "prog54bConsole\prog54bConsole.csproj", "{87ADB7B5-905F-4C84-A843-9ACE0564D875}"
EndProject
Project("{FAE04EC0-301F-11D3-BF4B-00C04F79EFBC}") = "prog85cConsole", "prog85cConsole\prog85cConsole.csproj", "{2F43EDA4-D55F-4071-9FC0-B4577A6EB117}"
EndProject
Project("{FAE04EC0-301F-11D3-BF4B-00C04F79EFBC}") = "lp4_5", "lp4_5\lp4_5.csproj", "{300F76AD-BAC3-44A7-8E6E-3A13A97DF80F}"
EndProject
Project("{FAE04EC0-301F-11D3-BF4B-00C04F79EFBC}") = "lp4_1", "lp4_1\lp4_1.csproj", "{8E4946CC-1AC8-4128-A2AA-C3410F66037A}"
EndProject
Project("{FAE04EC0-301F-11D3-BF4B-00C04F79EFBC}") = "AboutMeConsole", "AboutMe\AboutMeConsole.csproj", "{07494E3E-8593-4C85-A4C8-201C9BAA73AB}"
EndProject
Project("{FAE04EC0-301F-11D3-BF4B-00C04F79EFBC}") = "pg273BookClubConsole", "pg273BookClubConsole\pg273BookClubConsole.csproj", "{6753C7B9-052E-45F2-B644-C49579B80811}"
EndProject
Project("{FAE04EC0-301F-11D3-BF4B-00C04F79EFBC}") = "pg266Console", "pg266Console\pg266Console.csproj", "{59B13616-7762-48D2-9A66-D0EBA5023278}"
EndProject
Project("{FAE04EC0-301F-11D3-BF4B-00C04F79EFBC}") = "prog273Mass", "prog273Mass\prog273Mass.csproj", "{0DBE4DAF-D1ED-4B9B-8428-90BE657DADB1}"
EndProject
Project("{FAE04EC0-301F-11D3-BF4B-00C04F79EFBC}") = "LP4-2Console", "LP4-2Console\LP4-2Console.csproj", "{93C95647-1760-4F0E-B056-4122D61BF7ED}"
EndProject
Project("{FAE04EC0-301F-11D3-BF4B-00C04F79EFBC}") = "Prog535Console", "Prog535Console\Prog535Console.csproj", "{1BA8824B-031E-4AE0-8522-318F361985F3}"
EndProject
Project("{FAE04EC0-301F-11D3-BF4B-00C04F79EFBC}") = "lang122a", "lang122a\lang122a.csproj", "{48E99F1D-866F-4D63-B228-292A49915F02}"
EndProject
Project("{FAE04EC0-301F-11D3-BF4B-00C04F79EFBC}") = "prog122bConsole", "prog122bConsole\prog122bConsole.csproj", "{19364C17-A9AC-44B6-8840-DB4AD515ED4F}"
EndProject
Project("{FAE04EC0-301F-11D3-BF4B-00C04F79EFBC}") = "test1", "test1\test1.csproj", "{69AB5DD8-CDAA-4529-997A-8AF01C5CFE39}"
EndProject
Project("{FAE04EC0-301F-11D3-BF4B-00C04F79EFBC}") = "pg310a", "pg310a\pg310a.csproj", "{F7FBBCED-B4D5-495B-83D1-04F1AA11BC74}"
EndProject
Project("{FAE04EC0-301F-11D3-BF4B-00C04F79EFBC}") = "prog347sum", "prog347sum\prog347sum.csproj", "{A8EA366E-2E32-447A-9922-04095F462F62}"
EndProject
Project("{FAE04EC0-301F-11D3-BF4B-00C04F79EFBC}") = "calcWithFunctions", "calcWithFunctions\calcWithFunctions.csproj", "{07AA0FFA-A6A3-4643-8B07-BD4FCC5987CD}"
EndProject
Project("{FAE04EC0-301F-11D3-BF4B-00C04F79EFBC}") = "lang366bConsole", "lang266bConsole\lang366bConsole.csproj", "{2341990A-A526-4364-B978-536484A3B9A1}"
EndProject
Project("{FAE04EC0-301F-11D3-BF4B-00C04F79EFBC}") = "pg435TicketCS", "pg435TicketCS\pg435TicketCS.csproj", "{348864C7-5C48-467C-99EC-7394CB1B9B0A}"
EndProject
Global
	GlobalSection(SolutionConfigurationPlatforms) = preSolution
		Debug|Any CPU = Debug|Any CPU
		Release|Any CPU = Release|Any CPU
	EndGlobalSection
	GlobalSection(ProjectConfigurationPlatforms) = postSolution
		{D17FA01D-7E63-450B-927B-996441EB57D5}.Debug|Any CPU.ActiveCfg = Debug|Any CPU
		{D17FA01D-7E63-450B-927B-996441EB57D5}.Debug|Any CPU.Build.0 = Debug|Any CPU
		{D17FA01D-7E63-450B-927B-996441EB57D5}.Release|Any CPU.ActiveCfg = Release|Any CPU
		{D17FA01D-7E63-450B-927B-996441EB57D5}.Release|Any CPU.Build.0 = Release|Any CPU
		{F3404CB0-818A-484D-875A-F1424BEF0A9A}.Debug|Any CPU.ActiveCfg = Debug|Any CPU
		{F3404CB0-818A-484D-875A-F1424BEF0A9A}.Debug|Any CPU.Build.0 = Debug|Any CPU
		{F3404CB0-818A-484D-875A-F1424BEF0A9A}.Release|Any CPU.ActiveCfg = Release|Any CPU
		{F3404CB0-818A-484D-875A-F1424BEF0A9A}.Release|Any CPU.Build.0 = Release|Any CPU
		{ACC65EB9-4CC8-421F-851D-67F289352D82}.Debug|Any CPU.ActiveCfg = Debug|Any CPU
		{ACC65EB9-4CC8-421F-851D-67F289352D82}.Debug|Any CPU.Build.0 = Debug|Any CPU
		{ACC65EB9-4CC8-421F-851D-67F289352D82}.Release|Any CPU.ActiveCfg = Release|Any CPU
		{ACC65EB9-4CC8-421F-851D-67F289352D82}.Release|Any CPU.Build.0 = Release|Any CPU
		{F6ED429A-218B-4FC0-A270-2F1C27728B2F}.Debug|Any CPU.ActiveCfg = Debug|Any CPU
		{F6ED429A-218B-4FC0-A270-2F1C27728B2F}.Debug|Any CPU.Build.0 = Debug|Any CPU
		{F6ED429A-218B-4FC0-A270-2F1C27728B2F}.Release|Any CPU.ActiveCfg = Release|Any CPU
		{F6ED429A-218B-4FC0-A270-2F1C27728B2F}.Release|Any CPU.Build.0 = Release|Any CPU
		{A923619F-0396-46CF-830C-6D86FC8310E9}.Debug|Any CPU.ActiveCfg = Debug|Any CPU
		{A923619F-0396-46CF-830C-6D86FC8310E9}.Debug|Any CPU.Build.0 = Debug|Any CPU
		{A923619F-0396-46CF-830C-6D86FC8310E9}.Release|Any CPU.ActiveCfg = Release|Any CPU
		{A923619F-0396-46CF-830C-6D86FC8310E9}.Release|Any CPU.Build.0 = Release|Any CPU
		{9C1F9A94-7A68-447F-AABB-300A8DB9024B}.Debug|Any CPU.ActiveCfg = Debug|Any CPU
		{9C1F9A94-7A68-447F-AABB-300A8DB9024B}.Debug|Any CPU.Build.0 = Debug|Any CPU
		{9C1F9A94-7A68-447F-AABB-300A8DB9024B}.Release|Any CPU.ActiveCfg = Release|Any CPU
		{9C1F9A94-7A68-447F-AABB-300A8DB9024B}.Release|Any CPU.Build.0 = Release|Any CPU
		{96753864-69C1-44EB-9223-D7E72261E205}.Debug|Any CPU.ActiveCfg = Debug|Any CPU
		{96753864-69C1-44EB-9223-D7E72261E205}.Debug|Any CPU.Build.0 = Debug|Any CPU
		{96753864-69C1-44EB-9223-D7E72261E205}.Release|Any CPU.ActiveCfg = Release|Any CPU
		{96753864-69C1-44EB-9223-D7E72261E205}.Release|Any CPU.Build.0 = Release|Any CPU
		{61CFF5FF-5938-47B4-97B4-B3E4F34D679E}.Debug|Any CPU.ActiveCfg = Debug|Any CPU
		{61CFF5FF-5938-47B4-97B4-B3E4F34D679E}.Debug|Any CPU.Build.0 = Debug|Any CPU
		{61CFF5FF-5938-47B4-97B4-B3E4F34D679E}.Release|Any CPU.ActiveCfg = Release|Any CPU
		{61CFF5FF-5938-47B4-97B4-B3E4F34D679E}.Release|Any CPU.Build.0 = Release|Any CPU
		{0C3E0BD8-6558-4107-A1C7-B914B512166E}.Debug|Any CPU.ActiveCfg = Debug|Any CPU
		{0C3E0BD8-6558-4107-A1C7-B914B512166E}.Debug|Any CPU.Build.0 = Debug|Any CPU
		{0C3E0BD8-6558-4107-A1C7-B914B512166E}.Release|Any CPU.ActiveCfg = Release|Any CPU
		{0C3E0BD8-6558-4107-A1C7-B914B512166E}.Release|Any CPU.Build.0 = Release|Any CPU
		{87ADB7B5-905F-4C84-A843-9ACE0564D875}.Debug|Any CPU.ActiveCfg = Debug|Any CPU
		{87ADB7B5-905F-4C84-A843-9ACE0564D875}.Debug|Any CPU.Build.0 = Debug|Any CPU
		{87ADB7B5-905F-4C84-A843-9ACE0564D875}.Release|Any CPU.ActiveCfg = Release|Any CPU
		{87ADB7B5-905F-4C84-A843-9ACE0564D875}.Release|Any CPU.Build.0 = Release|Any CPU
		{2F43EDA4-D55F-4071-9FC0-B4577A6EB117}.Debug|Any CPU.ActiveCfg = Debug|Any CPU
		{2F43EDA4-D55F-4071-9FC0-B4577A6EB117}.Debug|Any CPU.Build.0 = Debug|Any CPU
		{2F43EDA4-D55F-4071-9FC0-B4577A6EB117}.Release|Any CPU.ActiveCfg = Release|Any CPU
		{2F43EDA4-D55F-4071-9FC0-B4577A6EB117}.Release|Any CPU.Build.0 = Release|Any CPU
		{300F76AD-BAC3-44A7-8E6E-3A13A97DF80F}.Debug|Any CPU.ActiveCfg = Debug|Any CPU
		{300F76AD-BAC3-44A7-8E6E-3A13A97DF80F}.Debug|Any CPU.Build.0 = Debug|Any CPU
		{300F76AD-BAC3-44A7-8E6E-3A13A97DF80F}.Release|Any CPU.ActiveCfg = Release|Any CPU
		{300F76AD-BAC3-44A7-8E6E-3A13A97DF80F}.Release|Any CPU.Build.0 = Release|Any CPU
		{8E4946CC-1AC8-4128-A2AA-C3410F66037A}.Debug|Any CPU.ActiveCfg = Debug|Any CPU
		{8E4946CC-1AC8-4128-A2AA-C3410F66037A}.Debug|Any CPU.Build.0 = Debug|Any CPU
		{8E4946CC-1AC8-4128-A2AA-C3410F66037A}.Release|Any CPU.ActiveCfg = Release|Any CPU
		{8E4946CC-1AC8-4128-A2AA-C3410F66037A}.Release|Any CPU.Build.0 = Release|Any CPU
		{07494E3E-8593-4C85-A4C8-201C9BAA73AB}.Debug|Any CPU.ActiveCfg = Debug|Any CPU
		{07494E3E-8593-4C85-A4C8-201C9BAA73AB}.Debug|Any CPU.Build.0 = Debug|Any CPU
		{07494E3E-8593-4C85-A4C8-201C9BAA73AB}.Release|Any CPU.ActiveCfg = Release|Any CPU
		{07494E3E-8593-4C85-A4C8-201C9BAA73AB}.Release|Any CPU.Build.0 = Release|Any CPU
		{6753C7B9-052E-45F2-B644-C49579B80811}.Debug|Any CPU.ActiveCfg = Debug|Any CPU
		{6753C7B9-052E-45F2-B644-C49579B80811}.Debug|Any CPU.Build.0 = Debug|Any CPU
		{6753C7B9-052E-45F2-B644-C49579B80811}.Release|Any CPU.ActiveCfg = Release|Any CPU
		{6753C7B9-052E-45F2-B644-C49579B80811}.Release|Any CPU.Build.0 = Release|Any CPU
		{59B13616-7762-48D2-9A66-D0EBA5023278}.Debug|Any CPU.ActiveCfg = Debug|Any CPU
		{59B13616-7762-48D2-9A66-D0EBA5023278}.Debug|Any CPU.Build.0 = Debug|Any CPU
		{59B13616-7762-48D2-9A66-D0EBA5023278}.Release|Any CPU.ActiveCfg = Release|Any CPU
		{59B13616-7762-48D2-9A66-D0EBA5023278}.Release|Any CPU.Build.0 = Release|Any CPU
		{0DBE4DAF-D1ED-4B9B-8428-90BE657DADB1}.Debug|Any CPU.ActiveCfg = Debug|Any CPU
		{0DBE4DAF-D1ED-4B9B-8428-90BE657DADB1}.Debug|Any CPU.Build.0 = Debug|Any CPU
		{0DBE4DAF-D1ED-4B9B-8428-90BE657DADB1}.Release|Any CPU.ActiveCfg = Release|Any CPU
		{0DBE4DAF-D1ED-4B9B-8428-90BE657DADB1}.Release|Any CPU.Build.0 = Release|Any CPU
		{93C95647-1760-4F0E-B056-4122D61BF7ED}.Debug|Any CPU.ActiveCfg = Debug|Any CPU
		{93C95647-1760-4F0E-B056-4122D61BF7ED}.Debug|Any CPU.Build.0 = Debug|Any CPU
		{93C95647-1760-4F0E-B056-4122D61BF7ED}.Release|Any CPU.ActiveCfg = Release|Any CPU
		{93C95647-1760-4F0E-B056-4122D61BF7ED}.Release|Any CPU.Build.0 = Release|Any CPU
		{1BA8824B-031E-4AE0-8522-318F361985F3}.Debug|Any CPU.ActiveCfg = Debug|Any CPU
		{1BA8824B-031E-4AE0-8522-318F361985F3}.Debug|Any CPU.Build.0 = Debug|Any CPU
		{1BA8824B-031E-4AE0-8522-318F361985F3}.Release|Any CPU.ActiveCfg = Release|Any CPU
		{1BA8824B-031E-4AE0-8522-318F361985F3}.Release|Any CPU.Build.0 = Release|Any CPU
		{48E99F1D-866F-4D63-B228-292A49915F02}.Debug|Any CPU.ActiveCfg = Debug|Any CPU
		{48E99F1D-866F-4D63-B228-292A49915F02}.Debug|Any CPU.Build.0 = Debug|Any CPU
		{48E99F1D-866F-4D63-B228-292A49915F02}.Release|Any CPU.ActiveCfg = Release|Any CPU
		{48E99F1D-866F-4D63-B228-292A49915F02}.Release|Any CPU.Build.0 = Release|Any CPU
		{19364C17-A9AC-44B6-8840-DB4AD515ED4F}.Debug|Any CPU.ActiveCfg = Debug|Any CPU
		{19364C17-A9AC-44B6-8840-DB4AD515ED4F}.Debug|Any CPU.Build.0 = Debug|Any CPU
		{19364C17-A9AC-44B6-8840-DB4AD515ED4F}.Release|Any CPU.ActiveCfg = Release|Any CPU
		{19364C17-A9AC-44B6-8840-DB4AD515ED4F}.Release|Any CPU.Build.0 = Release|Any CPU
		{69AB5DD8-CDAA-4529-997A-8AF01C5CFE39}.Debug|Any CPU.ActiveCfg = Debug|Any CPU
		{69AB5DD8-CDAA-4529-997A-8AF01C5CFE39}.Debug|Any CPU.Build.0 = Debug|Any CPU
		{69AB5DD8-CDAA-4529-997A-8AF01C5CFE39}.Release|Any CPU.ActiveCfg = Release|Any CPU
		{69AB5DD8-CDAA-4529-997A-8AF01C5CFE39}.Release|Any CPU.Build.0 = Release|Any CPU
		{F7FBBCED-B4D5-495B-83D1-04F1AA11BC74}.Debug|Any CPU.ActiveCfg = Debug|Any CPU
		{F7FBBCED-B4D5-495B-83D1-04F1AA11BC74}.Debug|Any CPU.Build.0 = Debug|Any CPU
		{F7FBBCED-B4D5-495B-83D1-04F1AA11BC74}.Release|Any CPU.ActiveCfg = Release|Any CPU
		{F7FBBCED-B4D5-495B-83D1-04F1AA11BC74}.Release|Any CPU.Build.0 = Release|Any CPU
		{A8EA366E-2E32-447A-9922-04095F462F62}.Debug|Any CPU.ActiveCfg = Debug|Any CPU
		{A8EA366E-2E32-447A-9922-04095F462F62}.Debug|Any CPU.Build.0 = Debug|Any CPU
		{A8EA366E-2E32-447A-9922-04095F462F62}.Release|Any CPU.ActiveCfg = Release|Any CPU
		{A8EA366E-2E32-447A-9922-04095F462F62}.Release|Any CPU.Build.0 = Release|Any CPU
		{07AA0FFA-A6A3-4643-8B07-BD4FCC5987CD}.Debug|Any CPU.ActiveCfg = Debug|Any CPU
		{07AA0FFA-A6A3-4643-8B07-BD4FCC5987CD}.Debug|Any CPU.Build.0 = Debug|Any CPU
		{07AA0FFA-A6A3-4643-8B07-BD4FCC5987CD}.Release|Any CPU.ActiveCfg = Release|Any CPU
		{07AA0FFA-A6A3-4643-8B07-BD4FCC5987CD}.Release|Any CPU.Build.0 = Release|Any CPU
		{2341990A-A526-4364-B978-536484A3B9A1}.Debug|Any CPU.ActiveCfg = Debug|Any CPU
		{2341990A-A526-4364-B978-536484A3B9A1}.Debug|Any CPU.Build.0 = Debug|Any CPU
		{2341990A-A526-4364-B978-536484A3B9A1}.Release|Any CPU.ActiveCfg = Release|Any CPU
		{2341990A-A526-4364-B978-536484A3B9A1}.Release|Any CPU.Build.0 = Release|Any CPU
		{348864C7-5C48-467C-99EC-7394CB1B9B0A}.Debug|Any CPU.ActiveCfg = Debug|Any CPU
		{348864C7-5C48-467C-99EC-7394CB1B9B0A}.Debug|Any CPU.Build.0 = Debug|Any CPU
		{348864C7-5C48-467C-99EC-7394CB1B9B0A}.Release|Any CPU.ActiveCfg = Release|Any CPU
		{348864C7-5C48-467C-99EC-7394CB1B9B0A}.Release|Any CPU.Build.0 = Release|Any CPU
	EndGlobalSection
	GlobalSection(SolutionProperties) = preSolution
		HideSolutionNode = FALSE
	EndGlobalSection
EndGlobal
